{
  "requires": true,
  "lockfileVersion": 1,
  "dependencies": {
    "bootstrap-icons": {
      "version": "1.5.0",
      "resolved": "https://registry.npmjs.org/bootstrap-icons/-/bootstrap-icons-1.5.0.tgz",
      "integrity": "sha512-44feMc7DE1Ccpsas/1wioN8ewFJNquvi5FewA06wLnqct7CwMdGDVy41ieHaacogzDqLfG8nADIvMNp9e4bfbA=="
    },
    "filepond": {
      "version": "4.30.3",
      "resolved": "https://registry.npmjs.org/filepond/-/filepond-4.30.3.tgz",
      "integrity": "sha512-G2b1LEe90Sq2vH0SYDASTB+vVU735NBctzIaFPlZtb14QAgi/AL89WyQ6LhTfqgyrMyuZur2O9yHAmzS2E9ZnA=="
    }
  }
}
